// !$*UTF8*$!
{
	archiveVersion = 1;
	classes = {
	};
	objectVersion = 55;
	objects = {

/* Begin PBXBuildFile section */
		4742469E27C7B04700068289 /* AppDelegate.swift in Sources */ = {isa = PBXBuildFile; fileRef = 4742469D27C7B04700068289 /* AppDelegate.swift */; };
		474246A027C7B04700068289 /* SceneDelegate.swift in Sources */ = {isa = PBXBuildFile; fileRef = 4742469F27C7B04700068289 /* SceneDelegate.swift */; };
		474246A227C7B04700068289 /* ViewController.swift in Sources */ = {isa = PBXBuildFile; fileRef = 474246A127C7B04700068289 /* ViewController.swift */; };
		474246A727C7B04900068289 /* Assets.xcassets in Resources */ = {isa = PBXBuildFile; fileRef = 474246A627C7B04900068289 /* Assets.xcassets */; };
		474246AA27C7B04900068289 /* LaunchScreen.storyboard in Resources */ = {isa = PBXBuildFile; fileRef = 474246A827C7B04900068289 /* LaunchScreen.storyboard */; };
		474246B527C7B04900068289 /* CornellCourseTests.swift in Sources */ = {isa = PBXBuildFile; fileRef = 474246B427C7B04900068289 /* CornellCourseTests.swift */; };
		474246BF27C7B04900068289 /* CornellCourseUITests.swift in Sources */ = {isa = PBXBuildFile; fileRef = 474246BE27C7B04900068289 /* CornellCourseUITests.swift */; };
		474246C127C7B04900068289 /* CornellCourseUITestsLaunchTests.swift in Sources */ = {isa = PBXBuildFile; fileRef = 474246C027C7B04900068289 /* CornellCourseUITestsLaunchTests.swift */; };
/* End PBXBuildFile section */

/* Begin PBXContainerItemProxy section */
		474246B127C7B04900068289 /* PBXContainerItemProxy */ = {
			isa = PBXContainerItemProxy;
			containerPortal = 4742469227C7B04700068289 /* Project object */;
			proxyType = 1;
			remoteGlobalIDString = 4742469927C7B04700068289;
			remoteInfo = CornellCourse;
		};
		474246BB27C7B04900068289 /* PBXContainerItemProxy */ = {
			isa = PBXContainerItemProxy;
			containerPortal = 4742469227C7B04700068289 /* Project object */;
			proxyType = 1;
			remoteGlobalIDString = 4742469927C7B04700068289;
			remoteInfo = CornellCourse;
		};
/* End PBXContainerItemProxy section */

/* Begin PBXFileReference section */
		4742469A27C7B04700068289 /* CornellCourse.app */ = {isa = PBXFileReference; explicitFileType = wrapper.application; includeInIndex = 0; path = CornellCourse.app; sourceTree = BUILT_PRODUCTS_DIR; };
		4742469D27C7B04700068289 /* AppDelegate.swift */ = {isa = PBXFileReference; lastKnownFileType = sourcecode.swift; path = AppDelegate.swift; sourceTree = "<group>"; };
		4742469F27C7B04700068289 /* SceneDelegate.swift */ = {isa = PBXFileReference; lastKnownFileType = sourcecode.swift; path = SceneDelegate.swift; sourceTree = "<group>"; };
		474246A127C7B04700068289 /* ViewController.swift */ = {isa = PBXFileReference; lastKnownFileType = sourcecode.swift; path = ViewController.swift; sourceTree = "<group>"; };
		474246A627C7B04900068289 /* Assets.xcassets */ = {isa = PBXFileReference; lastKnownFileType = folder.assetcatalog; path = Assets.xcassets; sourceTree = "<group>"; };
		474246A927C7B04900068289 /* Base */ = {isa = PBXFileReference; lastKnownFileType = file.storyboard; name = Base; path = Base.lproj/LaunchScreen.storyboard; sourceTree = "<group>"; };
		474246AB27C7B04900068289 /* Info.plist */ = {isa = PBXFileReference; lastKnownFileType = text.plist.xml; path = Info.plist; sourceTree = "<group>"; };
		474246B027C7B04900068289 /* CornellCourseTests.xctest */ = {isa = PBXFileReference; explicitFileType = wrapper.cfbundle; includeInIndex = 0; path = CornellCourseTests.xctest; sourceTree = BUILT_PRODUCTS_DIR; };
		474246B427C7B04900068289 /* CornellCourseTests.swift */ = {isa = PBXFileReference; lastKnownFileType = sourcecode.swift; path = CornellCourseTests.swift; sourceTree = "<group>"; };
		474246BA27C7B04900068289 /* CornellCourseUITests.xctest */ = {isa = PBXFileReference; explicitFileType = wrapper.cfbundle; includeInIndex = 0; path = CornellCourseUITests.xctest; sourceTree = BUILT_PRODUCTS_DIR; };
		474246BE27C7B04900068289 /* CornellCourseUITests.swift */ = {isa = PBXFileReference; lastKnownFileType = sourcecode.swift; path = CornellCourseUITests.swift; sourceTree = "<group>"; };
		474246C027C7B04900068289 /* CornellCourseUITestsLaunchTests.swift */ = {isa = PBXFileReference; lastKnownFileType = sourcecode.swift; path = CornellCourseUITestsLaunchTests.swift; sourceTree = "<group>"; };
/* End PBXFileReference section */

/* Begin PBXFrameworksBuildPhase section */
		4742469727C7B04700068289 /* Frameworks */ = {
			isa = PBXFrameworksBuildPhase;
			buildActionMask = 2147483647;
			files = (
			);
			runOnlyForDeploymentPostprocessing = 0;
		};
		474246AD27C7B04900068289 /* Frameworks */ = {
			isa = PBXFrameworksBuildPhase;
			buildActionMask = 2147483647;
			files = (
			);
			runOnlyForDeploymentPostprocessing = 0;
		};
		474246B727C7B04900068289 /* Frameworks */ = {
			isa = PBXFrameworksBuildPhase;
			buildActionMask = 2147483647;
			files = (
			);
			runOnlyForDeploymentPostprocessing = 0;
		};
/* End PBXFrameworksBuildPhase section */

/* Begin PBXGroup section */
		4742469127C7B04700068289 = {
			isa = PBXGroup;
			children = (
				4742469C27C7B04700068289 /* CornellCourse */,
				474246B327C7B04900068289 /* CornellCourseTests */,
				474246BD27C7B04900068289 /* CornellCourseUITests */,
				4742469B27C7B04700068289 /* Products */,
			);
			sourceTree = "<group>";
		};
		4742469B27C7B04700068289 /* Products */ = {
			isa = PBXGroup;
			children = (
				4742469A27C7B04700068289 /* CornellCourse.app */,
				474246B027C7B04900068289 /* CornellCourseTests.xctest */,
				474246BA27C7B04900068289 /* CornellCourseUITests.xctest */,
			);
			name = Products;
			sourceTree = "<group>";
		};
		4742469C27C7B04700068289 /* CornellCourse */ = {
			isa = PBXGroup;
			children = (
				4742469D27C7B04700068289 /* AppDelegate.swift */,
				4742469F27C7B04700068289 /* SceneDelegate.swift */,
				474246A127C7B04700068289 /* ViewController.swift */,
				474246A627C7B04900068289 /* Assets.xcassets */,
				474246A827C7B04900068289 /* LaunchScreen.storyboard */,
				474246AB27C7B04900068289 /* Info.plist */,
			);
			path = CornellCourse;
			sourceTree = "<group>";
		};
		474246B327C7B04900068289 /* CornellCourseTests */ = {
			isa = PBXGroup;
			children = (
				474246B427C7B04900068289 /* CornellCourseTests.swift */,
			);
			path = CornellCourseTests;
			sourceTree = "<group>";
		};
		474246BD27C7B04900068289 /* CornellCourseUITests */ = {
			isa = PBXGroup;
			children = (
				474246BE27C7B04900068289 /* CornellCourseUITests.swift */,
				474246C027C7B04900068289 /* CornellCourseUITestsLaunchTests.swift */,
			);
			path = CornellCourseUITests;
			sourceTree = "<group>";
		};
/* End PBXGroup section */

/* Begin PBXNativeTarget section */
		4742469927C7B04700068289 /* CornellCourse */ = {
			isa = PBXNativeTarget;
			buildConfigurationList = 474246C427C7B04900068289 /* Build configuration list for PBXNativeTarget "CornellCourse" */;
			buildPhases = (
				4742469627C7B04700068289 /* Sources */,
				4742469727C7B04700068289 /* Frameworks */,
				4742469827C7B04700068289 /* Resources */,
			);
			buildRules = (
			);
			dependencies = (
			);
			name = CornellCourse;
			productName = CornellCourse;
			productReference = 4742469A27C7B04700068289 /* CornellCourse.app */;
			productType = "com.apple.product-type.application";
		};
		474246AF27C7B04900068289 /* CornellCourseTests */ = {
			isa = PBXNativeTarget;
			buildConfigurationList = 474246C727C7B04900068289 /* Build configuration list for PBXNativeTarget "CornellCourseTests" */;
			buildPhases = (
				474246AC27C7B04900068289 /* Sources */,
				474246AD27C7B04900068289 /* Frameworks */,
				474246AE27C7B04900068289 /* Resources */,
			);
			buildRules = (
			);
			dependencies = (
				474246B227C7B04900068289 /* PBXTargetDependency */,
			);
			name = CornellCourseTests;
			productName = CornellCourseTests;
			productReference = 474246B027C7B04900068289 /* CornellCourseTests.xctest */;
			productType = "com.apple.product-type.bundle.unit-test";
		};
		474246B927C7B04900068289 /* CornellCourseUITests */ = {
			isa = PBXNativeTarget;
			buildConfigurationList = 474246CA27C7B04900068289 /* Build configuration list for PBXNativeTarget "CornellCourseUITests" */;
			buildPhases = (
				474246B627C7B04900068289 /* Sources */,
				474246B727C7B04900068289 /* Frameworks */,
				474246B827C7B04900068289 /* Resources */,
			);
			buildRules = (
			);
			dependencies = (
				474246BC27C7B04900068289 /* PBXTargetDependency */,
			);
			name = CornellCourseUITests;
			productName = CornellCourseUITests;
			productReference = 474246BA27C7B04900068289 /* CornellCourseUITests.xctest */;
			productType = "com.apple.product-type.bundle.ui-testing";
		};
/* End PBXNativeTarget section */

/* Begin PBXProject section */
		4742469227C7B04700068289 /* Project object */ = {
			isa = PBXProject;
			attributes = {
				BuildIndependentTargetsInParallel = 1;
				LastSwiftUpdateCheck = 1320;
				LastUpgradeCheck = 1320;
				TargetAttributes = {
					4742469927C7B04700068289 = {
						CreatedOnToolsVersion = 13.2.1;
					};
					474246AF27C7B04900068289 = {
						CreatedOnToolsVersion = 13.2.1;
						TestTargetID = 4742469927C7B04700068289;
					};
					474246B927C7B04900068289 = {
						CreatedOnToolsVersion = 13.2.1;
						TestTargetID = 4742469927C7B04700068289;
					};
				};
			};
			buildConfigurationList = 4742469527C7B04700068289 /* Build configuration list for PBXProject "CornellCourse" */;
			compatibilityVersion = "Xcode 13.0";
			developmentRegion = en;
			hasScannedForEncodings = 0;
			knownRegions = (
				en,
				Base,
			);
			mainGroup = 4742469127C7B04700068289;
			productRefGroup = 4742469B27C7B04700068289 /* Products */;
			projectDirPath = "";
			projectRoot = "";
			targets = (
				4742469927C7B04700068289 /* CornellCourse */,
				474246AF27C7B04900068289 /* CornellCourseTests */,
				474246B927C7B04900068289 /* CornellCourseUITests */,
			);
		};
/* End PBXProject section */

/* Begin PBXResourcesBuildPhase section */
		4742469827C7B04700068289 /* Resources */ = {
			isa = PBXResourcesBuildPhase;
			buildActionMask = 2147483647;
			files = (
				474246AA27C7B04900068289 /* LaunchScreen.storyboard in Resources */,
				474246A727C7B04900068289 /* Assets.xcassets in Resources */,
			);
			runOnlyForDeploymentPostprocessing = 0;
		};
		474246AE27C7B04900068289 /* Resources */ = {
			isa = PBXResourcesBuildPhase;
			buildActionMask = 2147483647;
			files = (
			);
			runOnlyForDeploymentPostprocessing = 0;
		};
		474246B827C7B04900068289 /* Resources */ = {
			isa = PBXResourcesBuildPhase;
			buildActionMask = 2147483647;
			files = (
			);
			runOnlyForDeploymentPostprocessing = 0;
		};
/* End PBXResourcesBuildPhase section */

/* Begin PBXSourcesBuildPhase section */
		4742469627C7B04700068289 /* Sources */ = {
			isa = PBXSourcesBuildPhase;
			buildActionMask = 2147483647;
			files = (
				474246A227C7B04700068289 /* ViewController.swift in Sources */,
				4742469E27C7B04700068289 /* AppDelegate.swift in Sources */,
				474246A027C7B04700068289 /* SceneDelegate.swift in Sources */,
			);
			runOnlyForDeploymentPostprocessing = 0;
		};
		474246AC27C7B04900068289 /* Sources */ = {
			isa = PBXSourcesBuildPhase;
			buildActionMask = 2147483647;
			files = (
				474246B527C7B04900068289 /* CornellCourseTests.swift in Sources */,
			);
			runOnlyForDeploymentPostprocessing = 0;
		};
		474246B627C7B04900068289 /* Sources */ = {
			isa = PBXSourcesBuildPhase;
			buildActionMask = 2147483647;
			files = (
				474246BF27C7B04900068289 /* CornellCourseUITests.swift in Sources */,
				474246C127C7B04900068289 /* CornellCourseUITestsLaunchTests.swift in Sources */,
			);
			runOnlyForDeploymentPostprocessing = 0;
		};
/* End PBXSourcesBuildPhase section */

/* Begin PBXTargetDependency section */
		474246B227C7B04900068289 /* PBXTargetDependency */ = {
			isa = PBXTargetDependency;
			target = 4742469927C7B04700068289 /* CornellCourse */;
			targetProxy = 474246B127C7B04900068289 /* PBXContainerItemProxy */;
		};
		474246BC27C7B04900068289 /* PBXTargetDependency */ = {
			isa = PBXTargetDependency;
			target = 4742469927C7B04700068289 /* CornellCourse */;
			targetProxy = 474246BB27C7B04900068289 /* PBXContainerItemProxy */;
		};
/* End PBXTargetDependency section */

/* Begin PBXVariantGroup section */
		474246A827C7B04900068289 /* LaunchScreen.storyboard */ = {
			isa = PBXVariantGroup;
			children = (
				474246A927C7B04900068289 /* Base */,
			);
			name = LaunchScreen.storyboard;
			sourceTree = "<group>";
		};
/* End PBXVariantGroup section */

/* Begin XCBuildConfiguration section */
		474246C227C7B04900068289 /* Debug */ = {
			isa = XCBuildConfiguration;
			buildSettings = {
				ALWAYS_SEARCH_USER_PATHS = NO;
				CLANG_ANALYZER_NONNULL = YES;
				CLANG_ANALYZER_NUMBER_OBJECT_CONVERSION = YES_AGGRESSIVE;
				CLANG_CXX_LANGUAGE_STANDARD = "gnu++17";
				CLANG_CXX_LIBRARY = "libc++";
				CLANG_ENABLE_MODULES = YES;
				CLANG_ENABLE_OBJC_ARC = YES;
				CLANG_ENABLE_OBJC_WEAK = YES;
				CLANG_WARN_BLOCK_CAPTURE_AUTORELEASING = YES;
				CLANG_WARN_BOOL_CONVERSION = YES;
				CLANG_WARN_COMMA = YES;
				CLANG_WARN_CONSTANT_CONVERSION = YES;
				CLANG_WARN_DEPRECATED_OBJC_IMPLEMENTATIONS = YES;
				CLANG_WARN_DIRECT_OBJC_ISA_USAGE = YES_ERROR;
				CLANG_WARN_DOCUMENTATION_COMMENTS = YES;
				CLANG_WARN_EMPTY_BODY = YES;
				CLANG_WARN_ENUM_CONVERSION = YES;
				CLANG_WARN_INFINITE_RECURSION = YES;
				CLANG_WARN_INT_CONVERSION = YES;
				CLANG_WARN_NON_LITERAL_NULL_CONVERSION = YES;
				CLANG_WARN_OBJC_IMPLICIT_RETAIN_SELF = YES;
				CLANG_WARN_OBJC_LITERAL_CONVERSION = YES;
				CLANG_WARN_OBJC_ROOT_CLASS = YES_ERROR;
				CLANG_WARN_QUOTED_INCLUDE_IN_FRAMEWORK_HEADER = YES;
				CLANG_WARN_RANGE_LOOP_ANALYSIS = YES;
				CLANG_WARN_STRICT_PROTOTYPES = YES;
				CLANG_WARN_SUSPICIOUS_MOVE = YES;
				CLANG_WARN_UNGUARDED_AVAILABILITY = YES_AGGRESSIVE;
				CLANG_WARN_UNREACHABLE_CODE = YES;
				CLANG_WARN__DUPLICATE_METHOD_MATCH = YES;
				COPY_PHASE_STRIP = NO;
				DEBUG_INFORMATION_FORMAT = dwarf;
				ENABLE_STRICT_OBJC_MSGSEND = YES;
				ENABLE_TESTABILITY = YES;
				GCC_C_LANGUAGE_STANDARD = gnu11;
				GCC_DYNAMIC_NO_PIC = NO;
				GCC_NO_COMMON_BLOCKS = YES;
				GCC_OPTIMIZATION_LEVEL = 0;
				GCC_PREPROCESSOR_DEFINITIONS = (
					"DEBUG=1",
					"$(inherited)",
				);
				GCC_WARN_64_TO_32_BIT_CONVERSION = YES;
				GCC_WARN_ABOUT_RETURN_TYPE = YES_ERROR;
				GCC_WARN_UNDECLARED_SELECTOR = YES;
				GCC_WARN_UNINITIALIZED_AUTOS = YES_AGGRESSIVE;
				GCC_WARN_UNUSED_FUNCTION = YES;
				GCC_WARN_UNUSED_VARIABLE = YES;
				IPHONEOS_DEPLOYMENT_TARGET = 15.2;
				MTL_ENABLE_DEBUG_INFO = INCLUDE_SOURCE;
				MTL_FAST_MATH = YES;
				ONLY_ACTIVE_ARCH = YES;
				SDKROOT = iphoneos;
				SWIFT_ACTIVE_COMPILATION_CONDITIONS = DEBUG;
				SWIFT_OPTIMIZATION_LEVEL = "-Onone";
			};
			name = Debug;
		};
		474246C327C7B04900068289 /* Release */ = {
			isa = XCBuildConfiguration;
			buildSettings = {
				ALWAYS_SEARCH_USER_PATHS = NO;
				CLANG_ANALYZER_NONNULL = YES;
				CLANG_ANALYZER_NUMBER_OBJECT_CONVERSION = YES_AGGRESSIVE;
				CLANG_CXX_LANGUAGE_STANDARD = "gnu++17";
				CLANG_CXX_LIBRARY = "libc++";
				CLANG_ENABLE_MODULES = YES;
				CLANG_ENABLE_OBJC_ARC = YES;
				CLANG_ENABLE_OBJC_WEAK = YES;
				CLANG_WARN_BLOCK_CAPTURE_AUTORELEASING = YES;
				CLANG_WARN_BOOL_CONVERSION = YES;
				CLANG_WARN_COMMA = YES;
				CLANG_WARN_CONSTANT_CONVERSION = YES;
				CLANG_WARN_DEPRECATED_OBJC_IMPLEMENTATIONS = YES;
				CLANG_WARN_DIRECT_OBJC_ISA_USAGE = YES_ERROR;
				CLANG_WARN_DOCUMENTATION_COMMENTS = YES;
				CLANG_WARN_EMPTY_BODY = YES;
				CLANG_WARN_ENUM_CONVERSION = YES;
				CLANG_WARN_INFINITE_RECURSION = YES;
				CLANG_WARN_INT_CONVERSION = YES;
				CLANG_WARN_NON_LITERAL_NULL_CONVERSION = YES;
				CLANG_WARN_OBJC_IMPLICIT_RETAIN_SELF = YES;
				CLANG_WARN_OBJC_LITERAL_CONVERSION = YES;
				CLANG_WARN_OBJC_ROOT_CLASS = YES_ERROR;
				CLANG_WARN_QUOTED_INCLUDE_IN_FRAMEWORK_HEADER = YES;
				CLANG_WARN_RANGE_LOOP_ANALYSIS = YES;
				CLANG_WARN_STRICT_PROTOTYPES = YES;
				CLANG_WARN_SUSPICIOUS_MOVE = YES;
				CLANG_WARN_UNGUARDED_AVAILABILITY = YES_AGGRESSIVE;
				CLANG_WARN_UNREACHABLE_CODE = YES;
				CLANG_WARN__DUPLICATE_METHOD_MATCH = YES;
				COPY_PHASE_STRIP = NO;
				DEBUG_INFORMATION_FORMAT = "dwarf-with-dsym";
				ENABLE_NS_ASSERTIONS = NO;
				ENABLE_STRICT_OBJC_MSGSEND = YES;
				GCC_C_LANGUAGE_STANDARD = gnu11;
				GCC_NO_COMMON_BLOCKS = YES;
				GCC_WARN_64_TO_32_BIT_CONVERSION = YES;
				GCC_WARN_ABOUT_RETURN_TYPE = YES_ERROR;
				GCC_WARN_UNDECLARED_SELECTOR = YES;
				GCC_WARN_UNINITIALIZED_AUTOS = YES_AGGRESSIVE;
				GCC_WARN_UNUSED_FUNCTION = YES;
				GCC_WARN_UNUSED_VARIABLE = YES;
				IPHONEOS_DEPLOYMENT_TARGET = 15.2;
				MTL_ENABLE_DEBUG_INFO = NO;
				MTL_FAST_MATH = YES;
				SDKROOT = iphoneos;
				SWIFT_COMPILATION_MODE = wholemodule;
				SWIFT_OPTIMIZATION_LEVEL = "-O";
				VALIDATE_PRODUCT = YES;
			};
			name = Release;
		};
		474246C527C7B04900068289 /* Debug */ = {
			isa = XCBuildConfiguration;
			buildSettings = {
				ASSETCATALOG_COMPILER_APPICON_NAME = AppIcon;
				ASSETCATALOG_COMPILER_GLOBAL_ACCENT_COLOR_NAME = AccentColor;
				CODE_SIGN_STYLE = Automatic;
				CURRENT_PROJECT_VERSION = 1;
				DEVELOPMENT_TEAM = F4LDTLBPTZ;
				GENERATE_INFOPLIST_FILE = YES;
				INFOPLIST_FILE = CornellCourse/Info.plist;
				INFOPLIST_KEY_UIApplicationSupportsIndirectInputEvents = YES;
				INFOPLIST_KEY_UILaunchStoryboardName = LaunchScreen;
				INFOPLIST_KEY_UIMainStoryboardFile = LaunchScreen;
				INFOPLIST_KEY_UISupportedInterfaceOrientations_iPad = "UIInterfaceOrientationPortrait UIInterfaceOrientationPortraitUpsideDown UIInterfaceOrientationLandscapeLeft UIInterfaceOrientationLandscapeRight";
				INFOPLIST_KEY_UISupportedInterfaceOrientations_iPhone = "UIInterfaceOrientationPortrait UIInterfaceOrientationLandscapeLeft UIInterfaceOrientationLandscapeRight";
				LD_RUNPATH_SEARCH_PATHS = (
					"$(inherited)",
					"@executable_path/Frameworks",
				);
				MARKETING_VERSION = 1.0;
				PRODUCT_BUNDLE_IDENTIFIER = com.mehmetalicakir.CornellCourse;
				PRODUCT_NAME = "$(TARGET_NAME)";
				SWIFT_EMIT_LOC_STRINGS = YES;
				SWIFT_VERSION = 5.0;
				TARGETED_DEVICE_FAMILY = "1,2";
			};
			name = Debug;
		};
		474246C627C7B04900068289 /* Release */ = {
			isa = XCBuildConfiguration;
			buildSettings = {
				ASSETCATALOG_COMPILER_APPICON_NAME = AppIcon;
				ASSETCATALOG_COMPILER_GLOBAL_ACCENT_COLOR_NAME = AccentColor;
				CODE_SIGN_STYLE = Automatic;
				CURRENT_PROJECT_VERSION = 1;
				DEVELOPMENT_TEAM = F4LDTLBPTZ;
				GENERATE_INFOPLIST_FILE = YES;
				INFOPLIST_FILE = CornellCourse/Info.plist;
				INFOPLIST_KEY_UIApplicationSupportsIndirectInputEvents = YES;
				INFOPLIST_KEY_UILaunchStoryboardName = LaunchScreen;
				INFOPLIST_KEY_UIMainStoryboardFile = LaunchScreen;
				INFOPLIST_KEY_UISupportedInterfaceOrientations_iPad = "UIInterfaceOrientationPortrait UIInterfaceOrientationPortraitUpsideDown UIInterfaceOrientationLandscapeLeft UIInterfaceOrientationLandscapeRight";
				INFOPLIST_KEY_UISupportedInterfaceOrientations_iPhone = "UIInterfaceOrientationPortrait UIInterfaceOrientationLandscapeLeft UIInterfaceOrientationLandscapeRight";
				LD_RUNPATH_SEARCH_PATHS = (
					"$(inherited)",
					"@executable_path/Frameworks",
				);
				MARKETING_VERSION = 1.0;
				PRODUCT_BUNDLE_IDENTIFIER = com.mehmetalicakir.CornellCourse;
				PRODUCT_NAME = "$(TARGET_NAME)";
				SWIFT_EMIT_LOC_STRINGS = YES;
				SWIFT_VERSION = 5.0;
				TARGETED_DEVICE_FAMILY = "1,2";
			};
			name = Release;
		};
		474246C827C7B04900068289 /* Debug */ = {
			isa = XCBuildConfiguration;
			buildSettings = {
				ALWAYS_EMBED_SWIFT_STANDARD_LIBRARIES = YES;
				BUNDLE_LOADER = "$(TEST_HOST)";
				CODE_SIGN_STYLE = Automatic;
				CURRENT_PROJECT_VERSION = 1;
				DEVELOPMENT_TEAM = F4LDTLBPTZ;
				GENERATE_INFOPLIST_FILE = YES;
				IPHONEOS_DEPLOYMENT_TARGET = 15.2;
				MARKETING_VERSION = 1.0;
				PRODUCT_BUNDLE_IDENTIFIER = com.mehmetalicakir.CornellCourseTests;
				PRODUCT_NAME = "$(TARGET_NAME)";
				SWIFT_EMIT_LOC_STRINGS = NO;
				SWIFT_VERSION = 5.0;
				TARGETED_DEVICE_FAMILY = "1,2";
				TEST_HOST = "$(BUILT_PRODUCTS_DIR)/CornellCourse.app/CornellCourse";
			};
			name = Debug;
		};
		474246C927C7B04900068289 /* Release */ = {
			isa = XCBuildConfiguration;
			buildSettings = {
				ALWAYS_EMBED_SWIFT_STANDARD_LIBRARIES = YES;
				BUNDLE_LOADER = "$(TEST_HOST)";
				CODE_SIGN_STYLE = Automatic;
				CURRENT_PROJECT_VERSION = 1;
				DEVELOPMENT_TEAM = F4LDTLBPTZ;
				GENERATE_INFOPLIST_FILE = YES;
				IPHONEOS_DEPLOYMENT_TARGET = 15.2;
				MARKETING_VERSION = 1.0;
				PRODUCT_BUNDLE_IDENTIFIER = com.mehmetalicakir.CornellCourseTests;
				PRODUCT_NAME = "$(TARGET_NAME)";
				SWIFT_EMIT_LOC_STRINGS = NO;
				SWIFT_VERSION = 5.0;
				TARGETED_DEVICE_FAMILY = "1,2";
				TEST_HOST = "$(BUILT_PRODUCTS_DIR)/CornellCourse.app/CornellCourse";
			};
			name = Release;
		};
		474246CB27C7B04900068289 /* Debug */ = {
			isa = XCBuildConfiguration;
			buildSettings = {
				ALWAYS_EMBED_SWIFT_STANDARD_LIBRARIES = YES;
				CODE_SIGN_STYLE = Automatic;
				CURRENT_PROJECT_VERSION = 1;
				DEVELOPMENT_TEAM = F4LDTLBPTZ;
				GENERATE_INFOPLIST_FILE = YES;
				MARKETING_VERSION = 1.0;
				PRODUCT_BUNDLE_IDENTIFIER = com.mehmetalicakir.CornellCourseUITests;
				PRODUCT_NAME = "$(TARGET_NAME)";
				SWIFT_EMIT_LOC_STRINGS = NO;
				SWIFT_VERSION = 5.0;
				TARGETED_DEVICE_FAMILY = "1,2";
				TEST_TARGET_NAME = CornellCourse;
			};
			name = Debug;
		};
		474246CC27C7B04900068289 /* Release */ = {
			isa = XCBuildConfiguration;
			buildSettings = {
				ALWAYS_EMBED_SWIFT_STANDARD_LIBRARIES = YES;
				CODE_SIGN_STYLE = Automatic;
				CURRENT_PROJECT_VERSION = 1;
				DEVELOPMENT_TEAM = F4LDTLBPTZ;
				GENERATE_INFOPLIST_FILE = YES;
				MARKETING_VERSION = 1.0;
				PRODUCT_BUNDLE_IDENTIFIER = com.mehmetalicakir.CornellCourseUITests;
				PRODUCT_NAME = "$(TARGET_NAME)";
				SWIFT_EMIT_LOC_STRINGS = NO;
				SWIFT_VERSION = 5.0;
				TARGETED_DEVICE_FAMILY = "1,2";
				TEST_TARGET_NAME = CornellCourse;
			};
			name = Release;
		};
/* End XCBuildConfiguration section */

/* Begin XCConfigurationList section */
		4742469527C7B04700068289 /* Build configuration list for PBXProject "CornellCourse" */ = {
			isa = XCConfigurationList;
			buildConfigurations = (
				474246C227C7B04900068289 /* Debug */,
				474246C327C7B04900068289 /* Release */,
			);
			defaultConfigurationIsVisible = 0;
			defaultConfigurationName = Release;
		};
		474246C427C7B04900068289 /* Build configuration list for PBXNativeTarget "CornellCourse" */ = {
			isa = XCConfigurationList;
			buildConfigurations = (
				474246C527C7B04900068289 /* Debug */,
				474246C627C7B04900068289 /* Release */,
			);
			defaultConfigurationIsVisible = 0;
			defaultConfigurationName = Release;
		};
		474246C727C7B04900068289 /* Build configuration list for PBXNativeTarget "CornellCourseTests" */ = {
			isa = XCConfigurationList;
			buildConfigurations = (
				474246C827C7B04900068289 /* Debug */,
				474246C927C7B04900068289 /* Release */,
			);
			defaultConfigurationIsVisible = 0;
			defaultConfigurationName = Release;
		};
		474246CA27C7B04900068289 /* Build configuration list for PBXNativeTarget "CornellCourseUITests" */ = {
			isa = XCConfigurationList;
			buildConfigurations = (
				474246CB27C7B04900068289 /* Debug */,
				474246CC27C7B04900068289 /* Release */,
			);
			defaultConfigurationIsVisible = 0;
			defaultConfigurationName = Release;
		};
/* End XCConfigurationList section */
	};
	rootObject = 4742469227C7B04700068289 /* Project object */;
}
